
Microsoft Visual Studio Solution File, Format Version 12.00
# Visual Studio Version 17
VisualStudioVersion = 17.11.35431.28
MinimumVisualStudioVersion = 10.0.40219.1
Project("{FAE04EC0-301F-11D3-BF4B-00C04F79EFBC}") = "Intro2", "Intro2\Intro2.csproj", "{0699D6CC-48A2-4277-9260-6724D075E5A6}"
EndProject
Global
	GlobalSection(SolutionConfigurationPlatforms) = preSolution
		Debug|Any CPU = Debug|Any CPU
		Release|Any CPU = Release|Any CPU
	EndGlobalSection
	GlobalSection(ProjectConfigurationPlatforms) = postSolution
		{0699D6CC-48A2-4277-9260-6724D075E5A6}.Debug|Any CPU.ActiveCfg = Debug|Any CPU
		{0699D6CC-48A2-4277-9260-6724D075E5A6}.Debug|Any CPU.Build.0 = Debug|Any CPU
		{0699D6CC-48A2-4277-9260-6724D075E5A6}.Debug|Any CPU.Deploy.0 = Debug|Any CPU
		{0699D6CC-48A2-4277-9260-6724D075E5A6}.Release|Any CPU.ActiveCfg = Release|Any CPU
		{0699D6CC-48A2-4277-9260-6724D075E5A6}.Release|Any CPU.Build.0 = Release|Any CPU
		{0699D6CC-48A2-4277-9260-6724D075E5A6}.Release|Any CPU.Deploy.0 = Release|Any CPU
	EndGlobalSection
	GlobalSection(SolutionProperties) = preSolution
		HideSolutionNode = FALSE
	EndGlobalSection
	GlobalSection(ExtensibilityGlobals) = postSolution
		SolutionGuid = {52D40FD9-4037-41EB-9BF9-33197E35EE65}
	EndGlobalSection
EndGlobal
